<Solution>
  <Project Path="EggIdentity/EggIdentity.csproj" />
  <Project Path="EggIdentity/Tests/EggIdentity.Tests.csproj" />
  <Project Path="EggIdentity.AdminUi/EggIdentity.AdminUi.csproj" />
  <Project Path="EggIdentity.Agent/EggIdentity.Agent.csproj" />
  <Project Path="EggIdentity.Agent/Tests/EggIdentity.Agent.Tests.csproj" />
  <Project Path="EggIdentity.Auth/EggIdentity.Auth.csproj" />
  <Project Path="EggIdentity.Auth/Tests/EggIdentity.Auth.Tests.csproj" />
  <Project Path="EggIdentity.Bot/EggIdentity.Bot.csproj" />
  <Project Path="EggIdentity.Bot/Tests/EggIdentity.Bot.Tests.csproj" />
  <Project Path="EggIdentity.Bot.AdminUi/EggIdentity.Bot.AdminUi.csproj" />
  <Project Path="EggIdentity.Client/EggIdentity.Client.csproj" />
  <Project Path="EggIdentity.Client/Tests/EggIdentity.Client.Tests.csproj" />
  <Project Path="EggIdentity.CodeStyle/EggIdentity.CodeStyle.csproj" />
  <Project Path="EggIdentity.Config/EggIdentity.Config.csproj" />
  <Project Path="EggIdentity.Config/Tests/EggIdentity.Config.Tests.csproj" />
  <Project Path="EggIdentity.Contract/EggIdentity.Contract.csproj" />
  <Project Path="EggIdentity.Contract/Tests/EggIdentity.Contract.Tests.csproj" />
  <Project Path="EggIdentity.Db/EggIdentity.Db.csproj" />
  <Project Path="EggIdentity.Db/Tests/EggIdentity.Db.Tests.csproj" />
  <Project Path="EggIdentity.Fallback/EggIdentity.Fallback.csproj" />
  <Project Path="EggIdentity.Fallback/Tests/EggIdentity.Fallback.Tests.csproj" />
  <Project Path="EggIdentity.Filtering/EggIdentity.Filtering.csproj" />
  <Project Path="EggIdentity.Filtering/Tests/EggIdentity.Filtering.Tests.csproj" />
  <Project Path="EggIdentity.Host/EggIdentity.Host.csproj" />
  <Project Path="EggIdentity.Host/Tests/EggIdentity.Host.Tests.csproj" />
  <Project Path="EggIdentity.Metrics/EggIdentity.Metrics.csproj" />
  <Project Path="EggIdentity.Metrics/Tests/EggIdentity.Metrics.Tests.csproj" />
  <Project Path="EggIdentity.Metrics.AdminUi/EggIdentity.Metrics.AdminUi.csproj" />
  <Project Path="EggIdentity.Settings/EggIdentity.Settings.csproj" />
  <Project Path="EggIdentity.Settings/Tests/EggIdentity.Settings.Tests.csproj" />
  <Project Path="EggIdentity.Settings.AdminUi/EggIdentity.Settings.AdminUi.csproj" />
  <Project Path="EggIdentity.Settings.Store/EggIdentity.Settings.Store.csproj" />
  <Project Path="EggIdentity.Settings.Store/Tests/EggIdentity.Settings.Store.Tests.csproj" />
  <Project Path="EggIdentity.Styles/EggIdentity.Styles.csproj" />
  <Project Path="EggIdentity.Styles/Tests/EggIdentity.Styles.Tests.csproj" />
  <Project Path="EggIdentity.StyleVerify/EggIdentity.StyleVerify.csproj" />
  <Project Path="EggIdentity.StyleVerify/Tests/EggIdentity.StyleVerify.Tests.csproj" />
  <Project Path="EggIdentity.Tools/EggIdentity.Tools.csproj" />
  <Project Path="EggIdentity.Tools/Tests/EggIdentity.Tools.Tests.csproj" />
  <Project Path="EggIdentity.UI/EggIdentity.UI.csproj" />
  <Project Path="EggIdentity.UI/Tests/EggIdentity.UI.Tests.csproj" />
</Solution>
