<Solution>
  <Folder Name="/src/">
    <Project Path="src/EggIdentity.Agent/EggIdentity.Agent.csproj" />
    <Project Path="src/EggIdentity.Auth/EggIdentity.Auth.csproj" />
    <Project Path="src/EggIdentity.Bot/EggIdentity.Bot.csproj" />
    <Project Path="src/EggIdentity.Bot.AdminUi/EggIdentity.Bot.AdminUi.csproj" />
    <Project Path="src/EggIdentity.CodeStyle/EggIdentity.CodeStyle.csproj" />
    <Project Path="src/EggIdentity.Config/EggIdentity.Config.csproj" />
    <Project Path="src/EggIdentity.Contract/EggIdentity.Contract.csproj" />
    <Project Path="src/EggIdentity.Db/EggIdentity.Db.csproj" />
    <Project Path="src/EggIdentity.Fallback/EggIdentity.Fallback.csproj" />
    <Project Path="src/EggIdentity/EggIdentity.csproj" />
    <Project Path="src/EggIdentity.AdminUi/EggIdentity.AdminUi.csproj" />
    <Project Path="src/EggIdentity.Client/EggIdentity.Client.csproj" />
    <Project Path="src/EggIdentity.Host/EggIdentity.Host.csproj" />
    <Project Path="src/EggIdentity.Tools/EggIdentity.Tools.csproj" />
    <Project Path="src/EggIdentity.Metrics/EggIdentity.Metrics.csproj" />
    <Project Path="src/EggIdentity.Metrics.AdminUi/EggIdentity.Metrics.AdminUi.csproj" />
    <Project Path="src/EggIdentity.Styles/EggIdentity.Styles.csproj" />
    <Project Path="src/EggIdentity.StyleVerify/EggIdentity.StyleVerify.csproj" />
    <Project Path="src/EggIdentity.UI/EggIdentity.UI.csproj" />
  </Folder>
  <Folder Name="/tests/">
    <Project Path="tests/EggIdentity.Agent.Tests/EggIdentity.Agent.Tests.csproj" />
    <Project Path="tests/EggIdentity.Auth.Tests/EggIdentity.Auth.Tests.csproj" />
    <Project Path="tests/EggIdentity.Bot.Tests/EggIdentity.Bot.Tests.csproj" />
    <Project Path="tests/EggIdentity.Config.Tests/EggIdentity.Config.Tests.csproj" />
    <Project Path="tests/EggIdentity.Contract.Tests/EggIdentity.Contract.Tests.csproj" />
    <Project Path="tests/EggIdentity.Db.Tests/EggIdentity.Db.Tests.csproj" />
    <Project Path="tests/EggIdentity.Fallback.Tests/EggIdentity.Fallback.Tests.csproj" />
    <Project Path="tests/EggIdentity.Tests/EggIdentity.Tests.csproj" />
    <Project Path="tests/EggIdentity.Client.Tests/EggIdentity.Client.Tests.csproj" />
    <Project Path="tests/EggIdentity.Host.Tests/EggIdentity.Host.Tests.csproj" />
    <Project Path="tests/EggIdentity.Tools.Tests/EggIdentity.Tools.Tests.csproj" />
    <Project Path="tests/EggIdentity.Metrics.Tests/EggIdentity.Metrics.Tests.csproj" />
    <Project Path="tests/EggIdentity.Styles.Tests/EggIdentity.Styles.Tests.csproj" />
    <Project Path="tests/EggIdentity.StyleVerify.Tests/EggIdentity.StyleVerify.Tests.csproj" />
  </Folder>
</Solution>
